// !$*UTF8*$!
{
	archiveVersion = 1;
	classes = {
	};
	objectVersion = 50;
	objects = {

/* Begin PBXBuildFile section */
		039C36F3241E662300B96ED1 /* AppDelegate.swift in Sources */ = {isa = PBXBuildFile; fileRef = 039C36F2241E662300B96ED1 /* AppDelegate.swift */; };
		039C36F5241E662300B96ED1 /* SceneDelegate.swift in Sources */ = {isa = PBXBuildFile; fileRef = 039C36F4241E662300B96ED1 /* SceneDelegate.swift */; };
		039C36F7241E662300B96ED1 /* LoginVC.swift in Sources */ = {isa = PBXBuildFile; fileRef = 039C36F6241E662300B96ED1 /* LoginVC.swift */; };
		039C36FA241E662300B96ED1 /* Main.storyboard in Resources */ = {isa = PBXBuildFile; fileRef = 039C36F8241E662300B96ED1 /* Main.storyboard */; };
		039C36FC241E662700B96ED1 /* Assets.xcassets in Resources */ = {isa = PBXBuildFile; fileRef = 039C36FB241E662700B96ED1 /* Assets.xcassets */; };
		039C36FF241E662700B96ED1 /* LaunchScreen.storyboard in Resources */ = {isa = PBXBuildFile; fileRef = 039C36FD241E662700B96ED1 /* LaunchScreen.storyboard */; };
		039C370A241E662800B96ED1 /* CI_CDTests.swift in Sources */ = {isa = PBXBuildFile; fileRef = 039C3709241E662800B96ED1 /* CI_CDTests.swift */; };
		039C3715241E662800B96ED1 /* CI_CDUITests.swift in Sources */ = {isa = PBXBuildFile; fileRef = 039C3714241E662800B96ED1 /* CI_CDUITests.swift */; };
		039C3724241E6ACD00B96ED1 /* User.swift in Sources */ = {isa = PBXBuildFile; fileRef = 039C3723241E6ACD00B96ED1 /* User.swift */; };
		039C3725241E6ACD00B96ED1 /* User.swift in Sources */ = {isa = PBXBuildFile; fileRef = 039C3723241E6ACD00B96ED1 /* User.swift */; };
		039C3726241E6ACD00B96ED1 /* User.swift in Sources */ = {isa = PBXBuildFile; fileRef = 039C3723241E6ACD00B96ED1 /* User.swift */; };
		039C3728241E6C7300B96ED1 /* UserModal.swift in Sources */ = {isa = PBXBuildFile; fileRef = 039C3727241E6C7300B96ED1 /* UserModal.swift */; };
		039C3729241E6C7300B96ED1 /* UserModal.swift in Sources */ = {isa = PBXBuildFile; fileRef = 039C3727241E6C7300B96ED1 /* UserModal.swift */; };
		039C372A241E6C7300B96ED1 /* UserModal.swift in Sources */ = {isa = PBXBuildFile; fileRef = 039C3727241E6C7300B96ED1 /* UserModal.swift */; };
/* End PBXBuildFile section */

/* Begin PBXContainerItemProxy section */
		039C3706241E662800B96ED1 /* PBXContainerItemProxy */ = {
			isa = PBXContainerItemProxy;
			containerPortal = 039C36E7241E662300B96ED1 /* Project object */;
			proxyType = 1;
			remoteGlobalIDString = 039C36EE241E662300B96ED1;
			remoteInfo = CI_CD;
		};
		039C3711241E662800B96ED1 /* PBXContainerItemProxy */ = {
			isa = PBXContainerItemProxy;
			containerPortal = 039C36E7241E662300B96ED1 /* Project object */;
			proxyType = 1;
			remoteGlobalIDString = 039C36EE241E662300B96ED1;
			remoteInfo = CI_CD;
		};
/* End PBXContainerItemProxy section */

/* Begin PBXFileReference section */
		039C36EF241E662300B96ED1 /* CI_CD.app */ = {isa = PBXFileReference; explicitFileType = wrapper.application; includeInIndex = 0; path = CI_CD.app; sourceTree = BUILT_PRODUCTS_DIR; };
		039C36F2241E662300B96ED1 /* AppDelegate.swift */ = {isa = PBXFileReference; lastKnownFileType = sourcecode.swift; path = AppDelegate.swift; sourceTree = "<group>"; };
		039C36F4241E662300B96ED1 /* SceneDelegate.swift */ = {isa = PBXFileReference; lastKnownFileType = sourcecode.swift; path = SceneDelegate.swift; sourceTree = "<group>"; };
		039C36F6241E662300B96ED1 /* LoginVC.swift */ = {isa = PBXFileReference; lastKnownFileType = sourcecode.swift; path = LoginVC.swift; sourceTree = "<group>"; };
		039C36F9241E662300B96ED1 /* Base */ = {isa = PBXFileReference; lastKnownFileType = file.storyboard; name = Base; path = Base.lproj/Main.storyboard; sourceTree = "<group>"; };
		039C36FB241E662700B96ED1 /* Assets.xcassets */ = {isa = PBXFileReference; lastKnownFileType = folder.assetcatalog; path = Assets.xcassets; sourceTree = "<group>"; };
		039C36FE241E662700B96ED1 /* Base */ = {isa = PBXFileReference; lastKnownFileType = file.storyboard; name = Base; path = Base.lproj/LaunchScreen.storyboard; sourceTree = "<group>"; };
		039C3700241E662700B96ED1 /* Info.plist */ = {isa = PBXFileReference; lastKnownFileType = text.plist.xml; path = Info.plist; sourceTree = "<group>"; };
		039C3705241E662800B96ED1 /* CI_CDTests.xctest */ = {isa = PBXFileReference; explicitFileType = wrapper.cfbundle; includeInIndex = 0; path = CI_CDTests.xctest; sourceTree = BUILT_PRODUCTS_DIR; };
		039C3709241E662800B96ED1 /* CI_CDTests.swift */ = {isa = PBXFileReference; lastKnownFileType = sourcecode.swift; path = CI_CDTests.swift; sourceTree = "<group>"; };
		039C370B241E662800B96ED1 /* Info.plist */ = {isa = PBXFileReference; lastKnownFileType = text.plist.xml; path = Info.plist; sourceTree = "<group>"; };
		039C3710241E662800B96ED1 /* CI_CDUITests.xctest */ = {isa = PBXFileReference; explicitFileType = wrapper.cfbundle; includeInIndex = 0; path = CI_CDUITests.xctest; sourceTree = BUILT_PRODUCTS_DIR; };
		039C3714241E662800B96ED1 /* CI_CDUITests.swift */ = {isa = PBXFileReference; lastKnownFileType = sourcecode.swift; path = CI_CDUITests.swift; sourceTree = "<group>"; };
		039C3716241E662800B96ED1 /* Info.plist */ = {isa = PBXFileReference; lastKnownFileType = text.plist.xml; path = Info.plist; sourceTree = "<group>"; };
		039C3723241E6ACD00B96ED1 /* User.swift */ = {isa = PBXFileReference; lastKnownFileType = sourcecode.swift; path = User.swift; sourceTree = "<group>"; };
		039C3727241E6C7300B96ED1 /* UserModal.swift */ = {isa = PBXFileReference; lastKnownFileType = sourcecode.swift; path = UserModal.swift; sourceTree = "<group>"; };
/* End PBXFileReference section */

/* Begin PBXFrameworksBuildPhase section */
		039C36EC241E662300B96ED1 /* Frameworks */ = {
			isa = PBXFrameworksBuildPhase;
			buildActionMask = 2147483647;
			files = (
			);
			runOnlyForDeploymentPostprocessing = 0;
		};
		039C3702241E662800B96ED1 /* Frameworks */ = {
			isa = PBXFrameworksBuildPhase;
			buildActionMask = 2147483647;
			files = (
			);
			runOnlyForDeploymentPostprocessing = 0;
		};
		039C370D241E662800B96ED1 /* Frameworks */ = {
			isa = PBXFrameworksBuildPhase;
			buildActionMask = 2147483647;
			files = (
			);
			runOnlyForDeploymentPostprocessing = 0;
		};
/* End PBXFrameworksBuildPhase section */

/* Begin PBXGroup section */
		039C36E6241E662300B96ED1 = {
			isa = PBXGroup;
			children = (
				039C36F1241E662300B96ED1 /* CI_CD */,
				039C3708241E662800B96ED1 /* CI_CDTests */,
				039C3713241E662800B96ED1 /* CI_CDUITests */,
				039C36F0241E662300B96ED1 /* Products */,
			);
			sourceTree = "<group>";
		};
		039C36F0241E662300B96ED1 /* Products */ = {
			isa = PBXGroup;
			children = (
				039C36EF241E662300B96ED1 /* CI_CD.app */,
				039C3705241E662800B96ED1 /* CI_CDTests.xctest */,
				039C3710241E662800B96ED1 /* CI_CDUITests.xctest */,
			);
			name = Products;
			sourceTree = "<group>";
		};
		039C36F1241E662300B96ED1 /* CI_CD */ = {
			isa = PBXGroup;
			children = (
				039C3722241E6A6A00B96ED1 /* LoginModule */,
				039C36F2241E662300B96ED1 /* AppDelegate.swift */,
				039C36F4241E662300B96ED1 /* SceneDelegate.swift */,
				039C36F8241E662300B96ED1 /* Main.storyboard */,
				039C36FB241E662700B96ED1 /* Assets.xcassets */,
				039C36FD241E662700B96ED1 /* LaunchScreen.storyboard */,
				039C3700241E662700B96ED1 /* Info.plist */,
			);
			path = CI_CD;
			sourceTree = "<group>";
		};
		039C3708241E662800B96ED1 /* CI_CDTests */ = {
			isa = PBXGroup;
			children = (
				039C3709241E662800B96ED1 /* CI_CDTests.swift */,
				039C370B241E662800B96ED1 /* Info.plist */,
			);
			path = CI_CDTests;
			sourceTree = "<group>";
		};
		039C3713241E662800B96ED1 /* CI_CDUITests */ = {
			isa = PBXGroup;
			children = (
				039C3714241E662800B96ED1 /* CI_CDUITests.swift */,
				039C3716241E662800B96ED1 /* Info.plist */,
			);
			path = CI_CDUITests;
			sourceTree = "<group>";
		};
		039C3722241E6A6A00B96ED1 /* LoginModule */ = {
			isa = PBXGroup;
			children = (
				039C36F6241E662300B96ED1 /* LoginVC.swift */,
				039C3723241E6ACD00B96ED1 /* User.swift */,
				039C3727241E6C7300B96ED1 /* UserModal.swift */,
			);
			path = LoginModule;
			sourceTree = "<group>";
		};
/* End PBXGroup section */

/* Begin PBXNativeTarget section */
		039C36EE241E662300B96ED1 /* CI_CD */ = {
			isa = PBXNativeTarget;
			buildConfigurationList = 039C3719241E662800B96ED1 /* Build configuration list for PBXNativeTarget "CI_CD" */;
			buildPhases = (
				039C36EB241E662300B96ED1 /* Sources */,
				039C36EC241E662300B96ED1 /* Frameworks */,
				039C36ED241E662300B96ED1 /* Resources */,
			);
			buildRules = (
			);
			dependencies = (
			);
			name = CI_CD;
			productName = CI_CD;
			productReference = 039C36EF241E662300B96ED1 /* CI_CD.app */;
			productType = "com.apple.product-type.application";
		};
		039C3704241E662800B96ED1 /* CI_CDTests */ = {
			isa = PBXNativeTarget;
			buildConfigurationList = 039C371C241E662800B96ED1 /* Build configuration list for PBXNativeTarget "CI_CDTests" */;
			buildPhases = (
				039C3701241E662800B96ED1 /* Sources */,
				039C3702241E662800B96ED1 /* Frameworks */,
				039C3703241E662800B96ED1 /* Resources */,
			);
			buildRules = (
			);
			dependencies = (
				039C3707241E662800B96ED1 /* PBXTargetDependency */,
			);
			name = CI_CDTests;
			productName = CI_CDTests;
			productReference = 039C3705241E662800B96ED1 /* CI_CDTests.xctest */;
			productType = "com.apple.product-type.bundle.unit-test";
		};
		039C370F241E662800B96ED1 /* CI_CDUITests */ = {
			isa = PBXNativeTarget;
			buildConfigurationList = 039C371F241E662800B96ED1 /* Build configuration list for PBXNativeTarget "CI_CDUITests" */;
			buildPhases = (
				039C370C241E662800B96ED1 /* Sources */,
				039C370D241E662800B96ED1 /* Frameworks */,
				039C370E241E662800B96ED1 /* Resources */,
			);
			buildRules = (
			);
			dependencies = (
				039C3712241E662800B96ED1 /* PBXTargetDependency */,
			);
			name = CI_CDUITests;
			productName = CI_CDUITests;
			productReference = 039C3710241E662800B96ED1 /* CI_CDUITests.xctest */;
			productType = "com.apple.product-type.bundle.ui-testing";
		};
/* End PBXNativeTarget section */

/* Begin PBXProject section */
		039C36E7241E662300B96ED1 /* Project object */ = {
			isa = PBXProject;
			attributes = {
				LastSwiftUpdateCheck = 1130;
				LastUpgradeCheck = 1130;
				ORGANIZATIONNAME = Navroz;
				TargetAttributes = {
					039C36EE241E662300B96ED1 = {
						CreatedOnToolsVersion = 11.3.1;
					};
					039C3704241E662800B96ED1 = {
						CreatedOnToolsVersion = 11.3.1;
						TestTargetID = 039C36EE241E662300B96ED1;
					};
					039C370F241E662800B96ED1 = {
						CreatedOnToolsVersion = 11.3.1;
						TestTargetID = 039C36EE241E662300B96ED1;
					};
				};
			};
			buildConfigurationList = 039C36EA241E662300B96ED1 /* Build configuration list for PBXProject "CI_CD" */;
			compatibilityVersion = "Xcode 9.3";
			developmentRegion = en;
			hasScannedForEncodings = 0;
			knownRegions = (
				en,
				Base,
			);
			mainGroup = 039C36E6241E662300B96ED1;
			productRefGroup = 039C36F0241E662300B96ED1 /* Products */;
			projectDirPath = "";
			projectRoot = "";
			targets = (
				039C36EE241E662300B96ED1 /* CI_CD */,
				039C3704241E662800B96ED1 /* CI_CDTests */,
				039C370F241E662800B96ED1 /* CI_CDUITests */,
			);
		};
/* End PBXProject section */

/* Begin PBXResourcesBuildPhase section */
		039C36ED241E662300B96ED1 /* Resources */ = {
			isa = PBXResourcesBuildPhase;
			buildActionMask = 2147483647;
			files = (
				039C36FF241E662700B96ED1 /* LaunchScreen.storyboard in Resources */,
				039C36FC241E662700B96ED1 /* Assets.xcassets in Resources */,
				039C36FA241E662300B96ED1 /* Main.storyboard in Resources */,
			);
			runOnlyForDeploymentPostprocessing = 0;
		};
		039C3703241E662800B96ED1 /* Resources */ = {
			isa = PBXResourcesBuildPhase;
			buildActionMask = 2147483647;
			files = (
			);
			runOnlyForDeploymentPostprocessing = 0;
		};
		039C370E241E662800B96ED1 /* Resources */ = {
			isa = PBXResourcesBuildPhase;
			buildActionMask = 2147483647;
			files = (
			);
			runOnlyForDeploymentPostprocessing = 0;
		};
/* End PBXResourcesBuildPhase section */

/* Begin PBXSourcesBuildPhase section */
		039C36EB241E662300B96ED1 /* Sources */ = {
			isa = PBXSourcesBuildPhase;
			buildActionMask = 2147483647;
			files = (
				039C3724241E6ACD00B96ED1 /* User.swift in Sources */,
				039C3728241E6C7300B96ED1 /* UserModal.swift in Sources */,
				039C36F7241E662300B96ED1 /* LoginVC.swift in Sources */,
				039C36F3241E662300B96ED1 /* AppDelegate.swift in Sources */,
				039C36F5241E662300B96ED1 /* SceneDelegate.swift in Sources */,
			);
			runOnlyForDeploymentPostprocessing = 0;
		};
		039C3701241E662800B96ED1 /* Sources */ = {
			isa = PBXSourcesBuildPhase;
			buildActionMask = 2147483647;
			files = (
				039C3729241E6C7300B96ED1 /* UserModal.swift in Sources */,
				039C3725241E6ACD00B96ED1 /* User.swift in Sources */,
				039C370A241E662800B96ED1 /* CI_CDTests.swift in Sources */,
			);
			runOnlyForDeploymentPostprocessing = 0;
		};
		039C370C241E662800B96ED1 /* Sources */ = {
			isa = PBXSourcesBuildPhase;
			buildActionMask = 2147483647;
			files = (
				039C372A241E6C7300B96ED1 /* UserModal.swift in Sources */,
				039C3726241E6ACD00B96ED1 /* User.swift in Sources */,
				039C3715241E662800B96ED1 /* CI_CDUITests.swift in Sources */,
			);
			runOnlyForDeploymentPostprocessing = 0;
		};
/* End PBXSourcesBuildPhase section */

/* Begin PBXTargetDependency section */
		039C3707241E662800B96ED1 /* PBXTargetDependency */ = {
			isa = PBXTargetDependency;
			target = 039C36EE241E662300B96ED1 /* CI_CD */;
			targetProxy = 039C3706241E662800B96ED1 /* PBXContainerItemProxy */;
		};
		039C3712241E662800B96ED1 /* PBXTargetDependency */ = {
			isa = PBXTargetDependency;
			target = 039C36EE241E662300B96ED1 /* CI_CD */;
			targetProxy = 039C3711241E662800B96ED1 /* PBXContainerItemProxy */;
		};
/* End PBXTargetDependency section */

/* Begin PBXVariantGroup section */
		039C36F8241E662300B96ED1 /* Main.storyboard */ = {
			isa = PBXVariantGroup;
			children = (
				039C36F9241E662300B96ED1 /* Base */,
			);
			name = Main.storyboard;
			sourceTree = "<group>";
		};
		039C36FD241E662700B96ED1 /* LaunchScreen.storyboard */ = {
			isa = PBXVariantGroup;
			children = (
				039C36FE241E662700B96ED1 /* Base */,
			);
			name = LaunchScreen.storyboard;
			sourceTree = "<group>";
		};
/* End PBXVariantGroup section */

/* Begin XCBuildConfiguration section */
		039C3717241E662800B96ED1 /* Debug */ = {
			isa = XCBuildConfiguration;
			buildSettings = {
				ALWAYS_SEARCH_USER_PATHS = NO;
				CLANG_ANALYZER_NONNULL = YES;
				CLANG_ANALYZER_NUMBER_OBJECT_CONVERSION = YES_AGGRESSIVE;
				CLANG_CXX_LANGUAGE_STANDARD = "gnu++14";
				CLANG_CXX_LIBRARY = "libc++";
				CLANG_ENABLE_MODULES = YES;
				CLANG_ENABLE_OBJC_ARC = YES;
				CLANG_ENABLE_OBJC_WEAK = YES;
				CLANG_WARN_BLOCK_CAPTURE_AUTORELEASING = YES;
				CLANG_WARN_BOOL_CONVERSION = YES;
				CLANG_WARN_COMMA = YES;
				CLANG_WARN_CONSTANT_CONVERSION = YES;
				CLANG_WARN_DEPRECATED_OBJC_IMPLEMENTATIONS = YES;
				CLANG_WARN_DIRECT_OBJC_ISA_USAGE = YES_ERROR;
				CLANG_WARN_DOCUMENTATION_COMMENTS = YES;
				CLANG_WARN_EMPTY_BODY = YES;
				CLANG_WARN_ENUM_CONVERSION = YES;
				CLANG_WARN_INFINITE_RECURSION = YES;
				CLANG_WARN_INT_CONVERSION = YES;
				CLANG_WARN_NON_LITERAL_NULL_CONVERSION = YES;
				CLANG_WARN_OBJC_IMPLICIT_RETAIN_SELF = YES;
				CLANG_WARN_OBJC_LITERAL_CONVERSION = YES;
				CLANG_WARN_OBJC_ROOT_CLASS = YES_ERROR;
				CLANG_WARN_RANGE_LOOP_ANALYSIS = YES;
				CLANG_WARN_STRICT_PROTOTYPES = YES;
				CLANG_WARN_SUSPICIOUS_MOVE = YES;
				CLANG_WARN_UNGUARDED_AVAILABILITY = YES_AGGRESSIVE;
				CLANG_WARN_UNREACHABLE_CODE = YES;
				CLANG_WARN__DUPLICATE_METHOD_MATCH = YES;
				COPY_PHASE_STRIP = NO;
				DEBUG_INFORMATION_FORMAT = dwarf;
				ENABLE_STRICT_OBJC_MSGSEND = YES;
				ENABLE_TESTABILITY = YES;
				GCC_C_LANGUAGE_STANDARD = gnu11;
				GCC_DYNAMIC_NO_PIC = NO;
				GCC_NO_COMMON_BLOCKS = YES;
				GCC_OPTIMIZATION_LEVEL = 0;
				GCC_PREPROCESSOR_DEFINITIONS = (
					"DEBUG=1",
					"$(inherited)",
				);
				GCC_WARN_64_TO_32_BIT_CONVERSION = YES;
				GCC_WARN_ABOUT_RETURN_TYPE = YES_ERROR;
				GCC_WARN_UNDECLARED_SELECTOR = YES;
				GCC_WARN_UNINITIALIZED_AUTOS = YES_AGGRESSIVE;
				GCC_WARN_UNUSED_FUNCTION = YES;
				GCC_WARN_UNUSED_VARIABLE = YES;
				IPHONEOS_DEPLOYMENT_TARGET = 13.2;
				MTL_ENABLE_DEBUG_INFO = INCLUDE_SOURCE;
				MTL_FAST_MATH = YES;
				ONLY_ACTIVE_ARCH = YES;
				SDKROOT = iphoneos;
				SWIFT_ACTIVE_COMPILATION_CONDITIONS = DEBUG;
				SWIFT_OPTIMIZATION_LEVEL = "-Onone";
			};
			name = Debug;
		};
		039C3718241E662800B96ED1 /* Release */ = {
			isa = XCBuildConfiguration;
			buildSettings = {
				ALWAYS_SEARCH_USER_PATHS = NO;
				CLANG_ANALYZER_NONNULL = YES;
				CLANG_ANALYZER_NUMBER_OBJECT_CONVERSION = YES_AGGRESSIVE;
				CLANG_CXX_LANGUAGE_STANDARD = "gnu++14";
				CLANG_CXX_LIBRARY = "libc++";
				CLANG_ENABLE_MODULES = YES;
				CLANG_ENABLE_OBJC_ARC = YES;
				CLANG_ENABLE_OBJC_WEAK = YES;
				CLANG_WARN_BLOCK_CAPTURE_AUTORELEASING = YES;
				CLANG_WARN_BOOL_CONVERSION = YES;
				CLANG_WARN_COMMA = YES;
				CLANG_WARN_CONSTANT_CONVERSION = YES;
				CLANG_WARN_DEPRECATED_OBJC_IMPLEMENTATIONS = YES;
				CLANG_WARN_DIRECT_OBJC_ISA_USAGE = YES_ERROR;
				CLANG_WARN_DOCUMENTATION_COMMENTS = YES;
				CLANG_WARN_EMPTY_BODY = YES;
				CLANG_WARN_ENUM_CONVERSION = YES;
				CLANG_WARN_INFINITE_RECURSION = YES;
				CLANG_WARN_INT_CONVERSION = YES;
				CLANG_WARN_NON_LITERAL_NULL_CONVERSION = YES;
				CLANG_WARN_OBJC_IMPLICIT_RETAIN_SELF = YES;
				CLANG_WARN_OBJC_LITERAL_CONVERSION = YES;
				CLANG_WARN_OBJC_ROOT_CLASS = YES_ERROR;
				CLANG_WARN_RANGE_LOOP_ANALYSIS = YES;
				CLANG_WARN_STRICT_PROTOTYPES = YES;
				CLANG_WARN_SUSPICIOUS_MOVE = YES;
				CLANG_WARN_UNGUARDED_AVAILABILITY = YES_AGGRESSIVE;
				CLANG_WARN_UNREACHABLE_CODE = YES;
				CLANG_WARN__DUPLICATE_METHOD_MATCH = YES;
				COPY_PHASE_STRIP = NO;
				DEBUG_INFORMATION_FORMAT = "dwarf-with-dsym";
				ENABLE_NS_ASSERTIONS = NO;
				ENABLE_STRICT_OBJC_MSGSEND = YES;
				GCC_C_LANGUAGE_STANDARD = gnu11;
				GCC_NO_COMMON_BLOCKS = YES;
				GCC_WARN_64_TO_32_BIT_CONVERSION = YES;
				GCC_WARN_ABOUT_RETURN_TYPE = YES_ERROR;
				GCC_WARN_UNDECLARED_SELECTOR = YES;
				GCC_WARN_UNINITIALIZED_AUTOS = YES_AGGRESSIVE;
				GCC_WARN_UNUSED_FUNCTION = YES;
				GCC_WARN_UNUSED_VARIABLE = YES;
				IPHONEOS_DEPLOYMENT_TARGET = 13.2;
				MTL_ENABLE_DEBUG_INFO = NO;
				MTL_FAST_MATH = YES;
				SDKROOT = iphoneos;
				SWIFT_COMPILATION_MODE = wholemodule;
				SWIFT_OPTIMIZATION_LEVEL = "-O";
				VALIDATE_PRODUCT = YES;
			};
			name = Release;
		};
		039C371A241E662800B96ED1 /* Debug */ = {
			isa = XCBuildConfiguration;
			buildSettings = {
				ASSETCATALOG_COMPILER_APPICON_NAME = AppIcon;
				CODE_SIGN_STYLE = Automatic;
				DEVELOPMENT_TEAM = 47R8888XGW;
				INFOPLIST_FILE = CI_CD/Info.plist;
				LD_RUNPATH_SEARCH_PATHS = (
					"$(inherited)",
					"@executable_path/Frameworks",
				);
				PRODUCT_BUNDLE_IDENTIFIER = "com.CI-CD";
				PRODUCT_NAME = "$(TARGET_NAME)";
				SWIFT_VERSION = 5.0;
				TARGETED_DEVICE_FAMILY = "1,2";
			};
			name = Debug;
		};
		039C371B241E662800B96ED1 /* Release */ = {
			isa = XCBuildConfiguration;
			buildSettings = {
				ASSETCATALOG_COMPILER_APPICON_NAME = AppIcon;
				CODE_SIGN_STYLE = Automatic;
				DEVELOPMENT_TEAM = 47R8888XGW;
				INFOPLIST_FILE = CI_CD/Info.plist;
				LD_RUNPATH_SEARCH_PATHS = (
					"$(inherited)",
					"@executable_path/Frameworks",
				);
				PRODUCT_BUNDLE_IDENTIFIER = "com.CI-CD";
				PRODUCT_NAME = "$(TARGET_NAME)";
				SWIFT_VERSION = 5.0;
				TARGETED_DEVICE_FAMILY = "1,2";
			};
			name = Release;
		};
		039C371D241E662800B96ED1 /* Debug */ = {
			isa = XCBuildConfiguration;
			buildSettings = {
				ALWAYS_EMBED_SWIFT_STANDARD_LIBRARIES = YES;
				BUNDLE_LOADER = "$(TEST_HOST)";
				CODE_SIGN_STYLE = Automatic;
				DEVELOPMENT_TEAM = 47R8888XGW;
				INFOPLIST_FILE = CI_CDTests/Info.plist;
				IPHONEOS_DEPLOYMENT_TARGET = 13.2;
				LD_RUNPATH_SEARCH_PATHS = (
					"$(inherited)",
					"@executable_path/Frameworks",
					"@loader_path/Frameworks",
				);
				PRODUCT_BUNDLE_IDENTIFIER = "com.CI-CDTests";
				PRODUCT_NAME = "$(TARGET_NAME)";
				SWIFT_VERSION = 5.0;
				TARGETED_DEVICE_FAMILY = "1,2";
				TEST_HOST = "$(BUILT_PRODUCTS_DIR)/CI_CD.app/CI_CD";
			};
			name = Debug;
		};
		039C371E241E662800B96ED1 /* Release */ = {
			isa = XCBuildConfiguration;
			buildSettings = {
				ALWAYS_EMBED_SWIFT_STANDARD_LIBRARIES = YES;
				BUNDLE_LOADER = "$(TEST_HOST)";
				CODE_SIGN_STYLE = Automatic;
				DEVELOPMENT_TEAM = 47R8888XGW;
				INFOPLIST_FILE = CI_CDTests/Info.plist;
				IPHONEOS_DEPLOYMENT_TARGET = 13.2;
				LD_RUNPATH_SEARCH_PATHS = (
					"$(inherited)",
					"@executable_path/Frameworks",
					"@loader_path/Frameworks",
				);
				PRODUCT_BUNDLE_IDENTIFIER = "com.CI-CDTests";
				PRODUCT_NAME = "$(TARGET_NAME)";
				SWIFT_VERSION = 5.0;
				TARGETED_DEVICE_FAMILY = "1,2";
				TEST_HOST = "$(BUILT_PRODUCTS_DIR)/CI_CD.app/CI_CD";
			};
			name = Release;
		};
		039C3720241E662800B96ED1 /* Debug */ = {
			isa = XCBuildConfiguration;
			buildSettings = {
				ALWAYS_EMBED_SWIFT_STANDARD_LIBRARIES = YES;
				CODE_SIGN_STYLE = Automatic;
				DEVELOPMENT_TEAM = 47R8888XGW;
				INFOPLIST_FILE = CI_CDUITests/Info.plist;
				LD_RUNPATH_SEARCH_PATHS = (
					"$(inherited)",
					"@executable_path/Frameworks",
					"@loader_path/Frameworks",
				);
				PRODUCT_BUNDLE_IDENTIFIER = "com.CI-CDUITests";
				PRODUCT_NAME = "$(TARGET_NAME)";
				SWIFT_VERSION = 5.0;
				TARGETED_DEVICE_FAMILY = "1,2";
				TEST_TARGET_NAME = CI_CD;
			};
			name = Debug;
		};
		039C3721241E662800B96ED1 /* Release */ = {
			isa = XCBuildConfiguration;
			buildSettings = {
				ALWAYS_EMBED_SWIFT_STANDARD_LIBRARIES = YES;
				CODE_SIGN_STYLE = Automatic;
				DEVELOPMENT_TEAM = 47R8888XGW;
				INFOPLIST_FILE = CI_CDUITests/Info.plist;
				LD_RUNPATH_SEARCH_PATHS = (
					"$(inherited)",
					"@executable_path/Frameworks",
					"@loader_path/Frameworks",
				);
				PRODUCT_BUNDLE_IDENTIFIER = "com.CI-CDUITests";
				PRODUCT_NAME = "$(TARGET_NAME)";
				SWIFT_VERSION = 5.0;
				TARGETED_DEVICE_FAMILY = "1,2";
				TEST_TARGET_NAME = CI_CD;
			};
			name = Release;
		};
/* End XCBuildConfiguration section */

/* Begin XCConfigurationList section */
		039C36EA241E662300B96ED1 /* Build configuration list for PBXProject "CI_CD" */ = {
			isa = XCConfigurationList;
			buildConfigurations = (
				039C3717241E662800B96ED1 /* Debug */,
				039C3718241E662800B96ED1 /* Release */,
			);
			defaultConfigurationIsVisible = 0;
			defaultConfigurationName = Release;
		};
		039C3719241E662800B96ED1 /* Build configuration list for PBXNativeTarget "CI_CD" */ = {
			isa = XCConfigurationList;
			buildConfigurations = (
				039C371A241E662800B96ED1 /* Debug */,
				039C371B241E662800B96ED1 /* Release */,
			);
			defaultConfigurationIsVisible = 0;
			defaultConfigurationName = Release;
		};
		039C371C241E662800B96ED1 /* Build configuration list for PBXNativeTarget "CI_CDTests" */ = {
			isa = XCConfigurationList;
			buildConfigurations = (
				039C371D241E662800B96ED1 /* Debug */,
				039C371E241E662800B96ED1 /* Release */,
			);
			defaultConfigurationIsVisible = 0;
			defaultConfigurationName = Release;
		};
		039C371F241E662800B96ED1 /* Build configuration list for PBXNativeTarget "CI_CDUITests" */ = {
			isa = XCConfigurationList;
			buildConfigurations = (
				039C3720241E662800B96ED1 /* Debug */,
				039C3721241E662800B96ED1 /* Release */,
			);
			defaultConfigurationIsVisible = 0;
			defaultConfigurationName = Release;
		};
/* End XCConfigurationList section */
	};
	rootObject = 039C36E7241E662300B96ED1 /* Project object */;
}
